
Microsoft Visual Studio Solution File, Format Version 12.00
# Visual Studio Version 16
VisualStudioVersion = 16.0.33423.256
MinimumVisualStudioVersion = 10.0.40219.1
Project("{FAE04EC0-301F-11D3-BF4B-00C04F79EFBC}") = "FileDirOpdracht", "FileDirOpdracht\FileDirOpdracht.csproj", "{495B6CEC-AFA0-442F-8A4C-1D64B870EBAE}"
EndProject
Global
	GlobalSection(SolutionConfigurationPlatforms) = preSolution
		Debug|Any CPU = Debug|Any CPU
		Release|Any CPU = Release|Any CPU
	EndGlobalSection
	GlobalSection(ProjectConfigurationPlatforms) = postSolution
		{495B6CEC-AFA0-442F-8A4C-1D64B870EBAE}.Debug|Any CPU.ActiveCfg = Debug|Any CPU
		{495B6CEC-AFA0-442F-8A4C-1D64B870EBAE}.Debug|Any CPU.Build.0 = Debug|Any CPU
		{495B6CEC-AFA0-442F-8A4C-1D64B870EBAE}.Release|Any CPU.ActiveCfg = Release|Any CPU
		{495B6CEC-AFA0-442F-8A4C-1D64B870EBAE}.Release|Any CPU.Build.0 = Release|Any CPU
	EndGlobalSection
	GlobalSection(SolutionProperties) = preSolution
		HideSolutionNode = FALSE
	EndGlobalSection
	GlobalSection(ExtensibilityGlobals) = postSolution
		SolutionGuid = {13D51980-2BBE-4B86-8E5C-F4ED7E632BF4}
	EndGlobalSection
EndGlobal
