
Microsoft Visual Studio Solution File, Format Version 12.00
# Visual Studio Version 16
VisualStudioVersion = 16.0.33423.256
MinimumVisualStudioVersion = 10.0.40219.1
Project("{FAE04EC0-301F-11D3-BF4B-00C04F79EFBC}") = "SplitOpdracht", "SplitOpdracht\SplitOpdracht.csproj", "{DDEEE268-9909-48D7-A668-3AC0BC28503F}"
EndProject
Global
	GlobalSection(SolutionConfigurationPlatforms) = preSolution
		Debug|Any CPU = Debug|Any CPU
		Release|Any CPU = Release|Any CPU
	EndGlobalSection
	GlobalSection(ProjectConfigurationPlatforms) = postSolution
		{DDEEE268-9909-48D7-A668-3AC0BC28503F}.Debug|Any CPU.ActiveCfg = Debug|Any CPU
		{DDEEE268-9909-48D7-A668-3AC0BC28503F}.Debug|Any CPU.Build.0 = Debug|Any CPU
		{DDEEE268-9909-48D7-A668-3AC0BC28503F}.Release|Any CPU.ActiveCfg = Release|Any CPU
		{DDEEE268-9909-48D7-A668-3AC0BC28503F}.Release|Any CPU.Build.0 = Release|Any CPU
	EndGlobalSection
	GlobalSection(SolutionProperties) = preSolution
		HideSolutionNode = FALSE
	EndGlobalSection
	GlobalSection(ExtensibilityGlobals) = postSolution
		SolutionGuid = {42BE8224-E2F9-4FCE-B8DD-A86E13878E69}
	EndGlobalSection
EndGlobal
